
Microsoft Visual Studio Solution File, Format Version 12.00
# Visual Studio Version 16
VisualStudioVersion = 16.0.29905.134
MinimumVisualStudioVersion = 10.0.40219.1
Project("{FAE04EC0-301F-11D3-BF4B-00C04F79EFBC}") = "Figure", "Figure.csproj", "{5BC957F6-EF38-4523-B2C5-1CE557E7080B}"
EndProject
Global
	GlobalSection(SolutionConfigurationPlatforms) = preSolution
		Debug|Any CPU = Debug|Any CPU
		Release|Any CPU = Release|Any CPU
	EndGlobalSection
	GlobalSection(ProjectConfigurationPlatforms) = postSolution
		{5BC957F6-EF38-4523-B2C5-1CE557E7080B}.Debug|Any CPU.ActiveCfg = Debug|Any CPU
		{5BC957F6-EF38-4523-B2C5-1CE557E7080B}.Debug|Any CPU.Build.0 = Debug|Any CPU
		{5BC957F6-EF38-4523-B2C5-1CE557E7080B}.Release|Any CPU.ActiveCfg = Release|Any CPU
		{5BC957F6-EF38-4523-B2C5-1CE557E7080B}.Release|Any CPU.Build.0 = Release|Any CPU
	EndGlobalSection
	GlobalSection(SolutionProperties) = preSolution
		HideSolutionNode = FALSE
	EndGlobalSection
	GlobalSection(ExtensibilityGlobals) = postSolution
		SolutionGuid = {2789A41B-FB0B-43F4-B844-DF8C678BE0AD}
	EndGlobalSection
EndGlobal
