
Microsoft Visual Studio Solution File, Format Version 12.00
# Visual Studio Version 16
VisualStudioVersion = 16.0.30114.105
MinimumVisualStudioVersion = 10.0.40219.1
Project("{FAE04EC0-301F-11D3-BF4B-00C04F79EFBC}") = "RectangleFigure", "RectangleFigure.csproj", "{AD408036-6C2C-4615-9D69-A3639151F986}"
EndProject
Global
	GlobalSection(SolutionConfigurationPlatforms) = preSolution
		Debug|Any CPU = Debug|Any CPU
		Release|Any CPU = Release|Any CPU
	EndGlobalSection
	GlobalSection(ProjectConfigurationPlatforms) = postSolution
		{AD408036-6C2C-4615-9D69-A3639151F986}.Debug|Any CPU.ActiveCfg = Debug|Any CPU
		{AD408036-6C2C-4615-9D69-A3639151F986}.Debug|Any CPU.Build.0 = Debug|Any CPU
		{AD408036-6C2C-4615-9D69-A3639151F986}.Release|Any CPU.ActiveCfg = Release|Any CPU
		{AD408036-6C2C-4615-9D69-A3639151F986}.Release|Any CPU.Build.0 = Release|Any CPU
	EndGlobalSection
	GlobalSection(SolutionProperties) = preSolution
		HideSolutionNode = FALSE
	EndGlobalSection
	GlobalSection(ExtensibilityGlobals) = postSolution
		SolutionGuid = {7209D7BF-1447-4502-9470-0FCF56091110}
	EndGlobalSection
EndGlobal
